// !$*UTF8*$!
{
	archiveVersion = 1;
	classes = {
	};
	objectVersion = 56;
	objects = {

/* Begin PBXBuildFile section */
		3816211C291B93C600C66BF4 /* testgitApp.swift in Sources */ = {isa = PBXBuildFile; fileRef = 3816211B291B93C600C66BF4 /* testgitApp.swift */; };
		3816211E291B93C600C66BF4 /* ContentView.swift in Sources */ = {isa = PBXBuildFile; fileRef = 3816211D291B93C600C66BF4 /* ContentView.swift */; };
		38162120291B93C700C66BF4 /* Assets.xcassets in Resources */ = {isa = PBXBuildFile; fileRef = 3816211F291B93C700C66BF4 /* Assets.xcassets */; };
		38162123291B93C700C66BF4 /* Preview Assets.xcassets in Resources */ = {isa = PBXBuildFile; fileRef = 38162122291B93C700C66BF4 /* Preview Assets.xcassets */; };
		3816212D291B93C800C66BF4 /* testgitTests.swift in Sources */ = {isa = PBXBuildFile; fileRef = 3816212C291B93C800C66BF4 /* testgitTests.swift */; };
		38162137291B93C800C66BF4 /* testgitUITests.swift in Sources */ = {isa = PBXBuildFile; fileRef = 38162136291B93C800C66BF4 /* testgitUITests.swift */; };
		38162139291B93C800C66BF4 /* testgitUITestsLaunchTests.swift in Sources */ = {isa = PBXBuildFile; fileRef = 38162138291B93C800C66BF4 /* testgitUITestsLaunchTests.swift */; };
/* End PBXBuildFile section */

/* Begin PBXContainerItemProxy section */
		38162129291B93C800C66BF4 /* PBXContainerItemProxy */ = {
			isa = PBXContainerItemProxy;
			containerPortal = 38162110291B93C600C66BF4 /* Project object */;
			proxyType = 1;
			remoteGlobalIDString = 38162117291B93C600C66BF4;
			remoteInfo = testgit;
		};
		38162133291B93C800C66BF4 /* PBXContainerItemProxy */ = {
			isa = PBXContainerItemProxy;
			containerPortal = 38162110291B93C600C66BF4 /* Project object */;
			proxyType = 1;
			remoteGlobalIDString = 38162117291B93C600C66BF4;
			remoteInfo = testgit;
		};
/* End PBXContainerItemProxy section */

/* Begin PBXFileReference section */
		38162118291B93C600C66BF4 /* testgit.app */ = {isa = PBXFileReference; explicitFileType = wrapper.application; includeInIndex = 0; path = testgit.app; sourceTree = BUILT_PRODUCTS_DIR; };
		3816211B291B93C600C66BF4 /* testgitApp.swift */ = {isa = PBXFileReference; lastKnownFileType = sourcecode.swift; path = testgitApp.swift; sourceTree = "<group>"; };
		3816211D291B93C600C66BF4 /* ContentView.swift */ = {isa = PBXFileReference; lastKnownFileType = sourcecode.swift; path = ContentView.swift; sourceTree = "<group>"; };
		3816211F291B93C700C66BF4 /* Assets.xcassets */ = {isa = PBXFileReference; lastKnownFileType = folder.assetcatalog; path = Assets.xcassets; sourceTree = "<group>"; };
		38162122291B93C700C66BF4 /* Preview Assets.xcassets */ = {isa = PBXFileReference; lastKnownFileType = folder.assetcatalog; path = "Preview Assets.xcassets"; sourceTree = "<group>"; };
		38162128291B93C800C66BF4 /* testgitTests.xctest */ = {isa = PBXFileReference; explicitFileType = wrapper.cfbundle; includeInIndex = 0; path = testgitTests.xctest; sourceTree = BUILT_PRODUCTS_DIR; };
		3816212C291B93C800C66BF4 /* testgitTests.swift */ = {isa = PBXFileReference; lastKnownFileType = sourcecode.swift; path = testgitTests.swift; sourceTree = "<group>"; };
		38162132291B93C800C66BF4 /* testgitUITests.xctest */ = {isa = PBXFileReference; explicitFileType = wrapper.cfbundle; includeInIndex = 0; path = testgitUITests.xctest; sourceTree = BUILT_PRODUCTS_DIR; };
		38162136291B93C800C66BF4 /* testgitUITests.swift */ = {isa = PBXFileReference; lastKnownFileType = sourcecode.swift; path = testgitUITests.swift; sourceTree = "<group>"; };
		38162138291B93C800C66BF4 /* testgitUITestsLaunchTests.swift */ = {isa = PBXFileReference; lastKnownFileType = sourcecode.swift; path = testgitUITestsLaunchTests.swift; sourceTree = "<group>"; };
/* End PBXFileReference section */

/* Begin PBXFrameworksBuildPhase section */
		38162115291B93C600C66BF4 /* Frameworks */ = {
			isa = PBXFrameworksBuildPhase;
			buildActionMask = 2147483647;
			files = (
			);
			runOnlyForDeploymentPostprocessing = 0;
		};
		38162125291B93C800C66BF4 /* Frameworks */ = {
			isa = PBXFrameworksBuildPhase;
			buildActionMask = 2147483647;
			files = (
			);
			runOnlyForDeploymentPostprocessing = 0;
		};
		3816212F291B93C800C66BF4 /* Frameworks */ = {
			isa = PBXFrameworksBuildPhase;
			buildActionMask = 2147483647;
			files = (
			);
			runOnlyForDeploymentPostprocessing = 0;
		};
/* End PBXFrameworksBuildPhase section */

/* Begin PBXGroup section */
		3816210F291B93C600C66BF4 = {
			isa = PBXGroup;
			children = (
				3816211A291B93C600C66BF4 /* testgit */,
				3816212B291B93C800C66BF4 /* testgitTests */,
				38162135291B93C800C66BF4 /* testgitUITests */,
				38162119291B93C600C66BF4 /* Products */,
			);
			sourceTree = "<group>";
		};
		38162119291B93C600C66BF4 /* Products */ = {
			isa = PBXGroup;
			children = (
				38162118291B93C600C66BF4 /* testgit.app */,
				38162128291B93C800C66BF4 /* testgitTests.xctest */,
				38162132291B93C800C66BF4 /* testgitUITests.xctest */,
			);
			name = Products;
			sourceTree = "<group>";
		};
		3816211A291B93C600C66BF4 /* testgit */ = {
			isa = PBXGroup;
			children = (
				3816211B291B93C600C66BF4 /* testgitApp.swift */,
				3816211D291B93C600C66BF4 /* ContentView.swift */,
				3816211F291B93C700C66BF4 /* Assets.xcassets */,
				38162121291B93C700C66BF4 /* Preview Content */,
			);
			path = testgit;
			sourceTree = "<group>";
		};
		38162121291B93C700C66BF4 /* Preview Content */ = {
			isa = PBXGroup;
			children = (
				38162122291B93C700C66BF4 /* Preview Assets.xcassets */,
			);
			path = "Preview Content";
			sourceTree = "<group>";
		};
		3816212B291B93C800C66BF4 /* testgitTests */ = {
			isa = PBXGroup;
			children = (
				3816212C291B93C800C66BF4 /* testgitTests.swift */,
			);
			path = testgitTests;
			sourceTree = "<group>";
		};
		38162135291B93C800C66BF4 /* testgitUITests */ = {
			isa = PBXGroup;
			children = (
				38162136291B93C800C66BF4 /* testgitUITests.swift */,
				38162138291B93C800C66BF4 /* testgitUITestsLaunchTests.swift */,
			);
			path = testgitUITests;
			sourceTree = "<group>";
		};
/* End PBXGroup section */

/* Begin PBXNativeTarget section */
		38162117291B93C600C66BF4 /* testgit */ = {
			isa = PBXNativeTarget;
			buildConfigurationList = 3816213C291B93C800C66BF4 /* Build configuration list for PBXNativeTarget "testgit" */;
			buildPhases = (
				38162114291B93C600C66BF4 /* Sources */,
				38162115291B93C600C66BF4 /* Frameworks */,
				38162116291B93C600C66BF4 /* Resources */,
			);
			buildRules = (
			);
			dependencies = (
			);
			name = testgit;
			productName = testgit;
			productReference = 38162118291B93C600C66BF4 /* testgit.app */;
			productType = "com.apple.product-type.application";
		};
		38162127291B93C800C66BF4 /* testgitTests */ = {
			isa = PBXNativeTarget;
			buildConfigurationList = 3816213F291B93C800C66BF4 /* Build configuration list for PBXNativeTarget "testgitTests" */;
			buildPhases = (
				38162124291B93C800C66BF4 /* Sources */,
				38162125291B93C800C66BF4 /* Frameworks */,
				38162126291B93C800C66BF4 /* Resources */,
			);
			buildRules = (
			);
			dependencies = (
				3816212A291B93C800C66BF4 /* PBXTargetDependency */,
			);
			name = testgitTests;
			productName = testgitTests;
			productReference = 38162128291B93C800C66BF4 /* testgitTests.xctest */;
			productType = "com.apple.product-type.bundle.unit-test";
		};
		38162131291B93C800C66BF4 /* testgitUITests */ = {
			isa = PBXNativeTarget;
			buildConfigurationList = 38162142291B93C800C66BF4 /* Build configuration list for PBXNativeTarget "testgitUITests" */;
			buildPhases = (
				3816212E291B93C800C66BF4 /* Sources */,
				3816212F291B93C800C66BF4 /* Frameworks */,
				38162130291B93C800C66BF4 /* Resources */,
			);
			buildRules = (
			);
			dependencies = (
				38162134291B93C800C66BF4 /* PBXTargetDependency */,
			);
			name = testgitUITests;
			productName = testgitUITests;
			productReference = 38162132291B93C800C66BF4 /* testgitUITests.xctest */;
			productType = "com.apple.product-type.bundle.ui-testing";
		};
/* End PBXNativeTarget section */

/* Begin PBXProject section */
		38162110291B93C600C66BF4 /* Project object */ = {
			isa = PBXProject;
			attributes = {
				BuildIndependentTargetsInParallel = 1;
				LastSwiftUpdateCheck = 1410;
				LastUpgradeCheck = 1410;
				TargetAttributes = {
					38162117291B93C600C66BF4 = {
						CreatedOnToolsVersion = 14.1;
					};
					38162127291B93C800C66BF4 = {
						CreatedOnToolsVersion = 14.1;
						TestTargetID = 38162117291B93C600C66BF4;
					};
					38162131291B93C800C66BF4 = {
						CreatedOnToolsVersion = 14.1;
						TestTargetID = 38162117291B93C600C66BF4;
					};
				};
			};
			buildConfigurationList = 38162113291B93C600C66BF4 /* Build configuration list for PBXProject "testgit" */;
			compatibilityVersion = "Xcode 14.0";
			developmentRegion = en;
			hasScannedForEncodings = 0;
			knownRegions = (
				en,
				Base,
			);
			mainGroup = 3816210F291B93C600C66BF4;
			productRefGroup = 38162119291B93C600C66BF4 /* Products */;
			projectDirPath = "";
			projectRoot = "";
			targets = (
				38162117291B93C600C66BF4 /* testgit */,
				38162127291B93C800C66BF4 /* testgitTests */,
				38162131291B93C800C66BF4 /* testgitUITests */,
			);
		};
/* End PBXProject section */

/* Begin PBXResourcesBuildPhase section */
		38162116291B93C600C66BF4 /* Resources */ = {
			isa = PBXResourcesBuildPhase;
			buildActionMask = 2147483647;
			files = (
				38162123291B93C700C66BF4 /* Preview Assets.xcassets in Resources */,
				38162120291B93C700C66BF4 /* Assets.xcassets in Resources */,
			);
			runOnlyForDeploymentPostprocessing = 0;
		};
		38162126291B93C800C66BF4 /* Resources */ = {
			isa = PBXResourcesBuildPhase;
			buildActionMask = 2147483647;
			files = (
			);
			runOnlyForDeploymentPostprocessing = 0;
		};
		38162130291B93C800C66BF4 /* Resources */ = {
			isa = PBXResourcesBuildPhase;
			buildActionMask = 2147483647;
			files = (
			);
			runOnlyForDeploymentPostprocessing = 0;
		};
/* End PBXResourcesBuildPhase section */

/* Begin PBXSourcesBuildPhase section */
		38162114291B93C600C66BF4 /* Sources */ = {
			isa = PBXSourcesBuildPhase;
			buildActionMask = 2147483647;
			files = (
				3816211E291B93C600C66BF4 /* ContentView.swift in Sources */,
				3816211C291B93C600C66BF4 /* testgitApp.swift in Sources */,
			);
			runOnlyForDeploymentPostprocessing = 0;
		};
		38162124291B93C800C66BF4 /* Sources */ = {
			isa = PBXSourcesBuildPhase;
			buildActionMask = 2147483647;
			files = (
				3816212D291B93C800C66BF4 /* testgitTests.swift in Sources */,
			);
			runOnlyForDeploymentPostprocessing = 0;
		};
		3816212E291B93C800C66BF4 /* Sources */ = {
			isa = PBXSourcesBuildPhase;
			buildActionMask = 2147483647;
			files = (
				38162137291B93C800C66BF4 /* testgitUITests.swift in Sources */,
				38162139291B93C800C66BF4 /* testgitUITestsLaunchTests.swift in Sources */,
			);
			runOnlyForDeploymentPostprocessing = 0;
		};
/* End PBXSourcesBuildPhase section */

/* Begin PBXTargetDependency section */
		3816212A291B93C800C66BF4 /* PBXTargetDependency */ = {
			isa = PBXTargetDependency;
			target = 38162117291B93C600C66BF4 /* testgit */;
			targetProxy = 38162129291B93C800C66BF4 /* PBXContainerItemProxy */;
		};
		38162134291B93C800C66BF4 /* PBXTargetDependency */ = {
			isa = PBXTargetDependency;
			target = 38162117291B93C600C66BF4 /* testgit */;
			targetProxy = 38162133291B93C800C66BF4 /* PBXContainerItemProxy */;
		};
/* End PBXTargetDependency section */

/* Begin XCBuildConfiguration section */
		3816213A291B93C800C66BF4 /* Debug */ = {
			isa = XCBuildConfiguration;
			buildSettings = {
				ALWAYS_SEARCH_USER_PATHS = NO;
				CLANG_ANALYZER_NONNULL = YES;
				CLANG_ANALYZER_NUMBER_OBJECT_CONVERSION = YES_AGGRESSIVE;
				CLANG_CXX_LANGUAGE_STANDARD = "gnu++20";
				CLANG_ENABLE_MODULES = YES;
				CLANG_ENABLE_OBJC_ARC = YES;
				CLANG_ENABLE_OBJC_WEAK = YES;
				CLANG_WARN_BLOCK_CAPTURE_AUTORELEASING = YES;
				CLANG_WARN_BOOL_CONVERSION = YES;
				CLANG_WARN_COMMA = YES;
				CLANG_WARN_CONSTANT_CONVERSION = YES;
				CLANG_WARN_DEPRECATED_OBJC_IMPLEMENTATIONS = YES;
				CLANG_WARN_DIRECT_OBJC_ISA_USAGE = YES_ERROR;
				CLANG_WARN_DOCUMENTATION_COMMENTS = YES;
				CLANG_WARN_EMPTY_BODY = YES;
				CLANG_WARN_ENUM_CONVERSION = YES;
				CLANG_WARN_INFINITE_RECURSION = YES;
				CLANG_WARN_INT_CONVERSION = YES;
				CLANG_WARN_NON_LITERAL_NULL_CONVERSION = YES;
				CLANG_WARN_OBJC_IMPLICIT_RETAIN_SELF = YES;
				CLANG_WARN_OBJC_LITERAL_CONVERSION = YES;
				CLANG_WARN_OBJC_ROOT_CLASS = YES_ERROR;
				CLANG_WARN_QUOTED_INCLUDE_IN_FRAMEWORK_HEADER = YES;
				CLANG_WARN_RANGE_LOOP_ANALYSIS = YES;
				CLANG_WARN_STRICT_PROTOTYPES = YES;
				CLANG_WARN_SUSPICIOUS_MOVE = YES;
				CLANG_WARN_UNGUARDED_AVAILABILITY = YES_AGGRESSIVE;
				CLANG_WARN_UNREACHABLE_CODE = YES;
				CLANG_WARN__DUPLICATE_METHOD_MATCH = YES;
				COPY_PHASE_STRIP = NO;
				DEBUG_INFORMATION_FORMAT = dwarf;
				ENABLE_STRICT_OBJC_MSGSEND = YES;
				ENABLE_TESTABILITY = YES;
				GCC_C_LANGUAGE_STANDARD = gnu11;
				GCC_DYNAMIC_NO_PIC = NO;
				GCC_NO_COMMON_BLOCKS = YES;
				GCC_OPTIMIZATION_LEVEL = 0;
				GCC_PREPROCESSOR_DEFINITIONS = (
					"DEBUG=1",
					"$(inherited)",
				);
				GCC_WARN_64_TO_32_BIT_CONVERSION = YES;
				GCC_WARN_ABOUT_RETURN_TYPE = YES_ERROR;
				GCC_WARN_UNDECLARED_SELECTOR = YES;
				GCC_WARN_UNINITIALIZED_AUTOS = YES_AGGRESSIVE;
				GCC_WARN_UNUSED_FUNCTION = YES;
				GCC_WARN_UNUSED_VARIABLE = YES;
				IPHONEOS_DEPLOYMENT_TARGET = 16.1;
				MTL_ENABLE_DEBUG_INFO = INCLUDE_SOURCE;
				MTL_FAST_MATH = YES;
				ONLY_ACTIVE_ARCH = YES;
				SDKROOT = iphoneos;
				SWIFT_ACTIVE_COMPILATION_CONDITIONS = DEBUG;
				SWIFT_OPTIMIZATION_LEVEL = "-Onone";
			};
			name = Debug;
		};
		3816213B291B93C800C66BF4 /* Release */ = {
			isa = XCBuildConfiguration;
			buildSettings = {
				ALWAYS_SEARCH_USER_PATHS = NO;
				CLANG_ANALYZER_NONNULL = YES;
				CLANG_ANALYZER_NUMBER_OBJECT_CONVERSION = YES_AGGRESSIVE;
				CLANG_CXX_LANGUAGE_STANDARD = "gnu++20";
				CLANG_ENABLE_MODULES = YES;
				CLANG_ENABLE_OBJC_ARC = YES;
				CLANG_ENABLE_OBJC_WEAK = YES;
				CLANG_WARN_BLOCK_CAPTURE_AUTORELEASING = YES;
				CLANG_WARN_BOOL_CONVERSION = YES;
				CLANG_WARN_COMMA = YES;
				CLANG_WARN_CONSTANT_CONVERSION = YES;
				CLANG_WARN_DEPRECATED_OBJC_IMPLEMENTATIONS = YES;
				CLANG_WARN_DIRECT_OBJC_ISA_USAGE = YES_ERROR;
				CLANG_WARN_DOCUMENTATION_COMMENTS = YES;
				CLANG_WARN_EMPTY_BODY = YES;
				CLANG_WARN_ENUM_CONVERSION = YES;
				CLANG_WARN_INFINITE_RECURSION = YES;
				CLANG_WARN_INT_CONVERSION = YES;
				CLANG_WARN_NON_LITERAL_NULL_CONVERSION = YES;
				CLANG_WARN_OBJC_IMPLICIT_RETAIN_SELF = YES;
				CLANG_WARN_OBJC_LITERAL_CONVERSION = YES;
				CLANG_WARN_OBJC_ROOT_CLASS = YES_ERROR;
				CLANG_WARN_QUOTED_INCLUDE_IN_FRAMEWORK_HEADER = YES;
				CLANG_WARN_RANGE_LOOP_ANALYSIS = YES;
				CLANG_WARN_STRICT_PROTOTYPES = YES;
				CLANG_WARN_SUSPICIOUS_MOVE = YES;
				CLANG_WARN_UNGUARDED_AVAILABILITY = YES_AGGRESSIVE;
				CLANG_WARN_UNREACHABLE_CODE = YES;
				CLANG_WARN__DUPLICATE_METHOD_MATCH = YES;
				COPY_PHASE_STRIP = NO;
				DEBUG_INFORMATION_FORMAT = "dwarf-with-dsym";
				ENABLE_NS_ASSERTIONS = NO;
				ENABLE_STRICT_OBJC_MSGSEND = YES;
				GCC_C_LANGUAGE_STANDARD = gnu11;
				GCC_NO_COMMON_BLOCKS = YES;
				GCC_WARN_64_TO_32_BIT_CONVERSION = YES;
				GCC_WARN_ABOUT_RETURN_TYPE = YES_ERROR;
				GCC_WARN_UNDECLARED_SELECTOR = YES;
				GCC_WARN_UNINITIALIZED_AUTOS = YES_AGGRESSIVE;
				GCC_WARN_UNUSED_FUNCTION = YES;
				GCC_WARN_UNUSED_VARIABLE = YES;
				IPHONEOS_DEPLOYMENT_TARGET = 16.1;
				MTL_ENABLE_DEBUG_INFO = NO;
				MTL_FAST_MATH = YES;
				SDKROOT = iphoneos;
				SWIFT_COMPILATION_MODE = wholemodule;
				SWIFT_OPTIMIZATION_LEVEL = "-O";
				VALIDATE_PRODUCT = YES;
			};
			name = Release;
		};
		3816213D291B93C800C66BF4 /* Debug */ = {
			isa = XCBuildConfiguration;
			buildSettings = {
				ASSETCATALOG_COMPILER_APPICON_NAME = AppIcon;
				ASSETCATALOG_COMPILER_GLOBAL_ACCENT_COLOR_NAME = AccentColor;
				CODE_SIGN_STYLE = Automatic;
				CURRENT_PROJECT_VERSION = 1;
				DEVELOPMENT_ASSET_PATHS = "\"testgit/Preview Content\"";
				DEVELOPMENT_TEAM = 5B7QT3F769;
				ENABLE_PREVIEWS = YES;
				GENERATE_INFOPLIST_FILE = YES;
				INFOPLIST_KEY_UIApplicationSceneManifest_Generation = YES;
				INFOPLIST_KEY_UIApplicationSupportsIndirectInputEvents = YES;
				INFOPLIST_KEY_UILaunchScreen_Generation = YES;
				INFOPLIST_KEY_UISupportedInterfaceOrientations_iPad = "UIInterfaceOrientationPortrait UIInterfaceOrientationPortraitUpsideDown UIInterfaceOrientationLandscapeLeft UIInterfaceOrientationLandscapeRight";
				INFOPLIST_KEY_UISupportedInterfaceOrientations_iPhone = "UIInterfaceOrientationPortrait UIInterfaceOrientationLandscapeLeft UIInterfaceOrientationLandscapeRight";
				LD_RUNPATH_SEARCH_PATHS = (
					"$(inherited)",
					"@executable_path/Frameworks",
				);
				MARKETING_VERSION = 1.0;
				PRODUCT_BUNDLE_IDENTIFIER = a.testgit;
				PRODUCT_NAME = "$(TARGET_NAME)";
				SWIFT_EMIT_LOC_STRINGS = YES;
				SWIFT_VERSION = 5.0;
				TARGETED_DEVICE_FAMILY = "1,2";
			};
			name = Debug;
		};
		3816213E291B93C800C66BF4 /* Release */ = {
			isa = XCBuildConfiguration;
			buildSettings = {
				ASSETCATALOG_COMPILER_APPICON_NAME = AppIcon;
				ASSETCATALOG_COMPILER_GLOBAL_ACCENT_COLOR_NAME = AccentColor;
				CODE_SIGN_STYLE = Automatic;
				CURRENT_PROJECT_VERSION = 1;
				DEVELOPMENT_ASSET_PATHS = "\"testgit/Preview Content\"";
				DEVELOPMENT_TEAM = 5B7QT3F769;
				ENABLE_PREVIEWS = YES;
				GENERATE_INFOPLIST_FILE = YES;
				INFOPLIST_KEY_UIApplicationSceneManifest_Generation = YES;
				INFOPLIST_KEY_UIApplicationSupportsIndirectInputEvents = YES;
				INFOPLIST_KEY_UILaunchScreen_Generation = YES;
				INFOPLIST_KEY_UISupportedInterfaceOrientations_iPad = "UIInterfaceOrientationPortrait UIInterfaceOrientationPortraitUpsideDown UIInterfaceOrientationLandscapeLeft UIInterfaceOrientationLandscapeRight";
				INFOPLIST_KEY_UISupportedInterfaceOrientations_iPhone = "UIInterfaceOrientationPortrait UIInterfaceOrientationLandscapeLeft UIInterfaceOrientationLandscapeRight";
				LD_RUNPATH_SEARCH_PATHS = (
					"$(inherited)",
					"@executable_path/Frameworks",
				);
				MARKETING_VERSION = 1.0;
				PRODUCT_BUNDLE_IDENTIFIER = a.testgit;
				PRODUCT_NAME = "$(TARGET_NAME)";
				SWIFT_EMIT_LOC_STRINGS = YES;
				SWIFT_VERSION = 5.0;
				TARGETED_DEVICE_FAMILY = "1,2";
			};
			name = Release;
		};
		38162140291B93C800C66BF4 /* Debug */ = {
			isa = XCBuildConfiguration;
			buildSettings = {
				ALWAYS_EMBED_SWIFT_STANDARD_LIBRARIES = YES;
				BUNDLE_LOADER = "$(TEST_HOST)";
				CODE_SIGN_STYLE = Automatic;
				CURRENT_PROJECT_VERSION = 1;
				DEVELOPMENT_TEAM = 5B7QT3F769;
				GENERATE_INFOPLIST_FILE = YES;
				IPHONEOS_DEPLOYMENT_TARGET = 16.1;
				MARKETING_VERSION = 1.0;
				PRODUCT_BUNDLE_IDENTIFIER = a.testgitTests;
				PRODUCT_NAME = "$(TARGET_NAME)";
				SWIFT_EMIT_LOC_STRINGS = NO;
				SWIFT_VERSION = 5.0;
				TARGETED_DEVICE_FAMILY = "1,2";
				TEST_HOST = "$(BUILT_PRODUCTS_DIR)/testgit.app/$(BUNDLE_EXECUTABLE_FOLDER_PATH)/testgit";
			};
			name = Debug;
		};
		38162141291B93C800C66BF4 /* Release */ = {
			isa = XCBuildConfiguration;
			buildSettings = {
				ALWAYS_EMBED_SWIFT_STANDARD_LIBRARIES = YES;
				BUNDLE_LOADER = "$(TEST_HOST)";
				CODE_SIGN_STYLE = Automatic;
				CURRENT_PROJECT_VERSION = 1;
				DEVELOPMENT_TEAM = 5B7QT3F769;
				GENERATE_INFOPLIST_FILE = YES;
				IPHONEOS_DEPLOYMENT_TARGET = 16.1;
				MARKETING_VERSION = 1.0;
				PRODUCT_BUNDLE_IDENTIFIER = a.testgitTests;
				PRODUCT_NAME = "$(TARGET_NAME)";
				SWIFT_EMIT_LOC_STRINGS = NO;
				SWIFT_VERSION = 5.0;
				TARGETED_DEVICE_FAMILY = "1,2";
				TEST_HOST = "$(BUILT_PRODUCTS_DIR)/testgit.app/$(BUNDLE_EXECUTABLE_FOLDER_PATH)/testgit";
			};
			name = Release;
		};
		38162143291B93C800C66BF4 /* Debug */ = {
			isa = XCBuildConfiguration;
			buildSettings = {
				ALWAYS_EMBED_SWIFT_STANDARD_LIBRARIES = YES;
				CODE_SIGN_STYLE = Automatic;
				CURRENT_PROJECT_VERSION = 1;
				DEVELOPMENT_TEAM = 5B7QT3F769;
				GENERATE_INFOPLIST_FILE = YES;
				MARKETING_VERSION = 1.0;
				PRODUCT_BUNDLE_IDENTIFIER = a.testgitUITests;
				PRODUCT_NAME = "$(TARGET_NAME)";
				SWIFT_EMIT_LOC_STRINGS = NO;
				SWIFT_VERSION = 5.0;
				TARGETED_DEVICE_FAMILY = "1,2";
				TEST_TARGET_NAME = testgit;
			};
			name = Debug;
		};
		38162144291B93C800C66BF4 /* Release */ = {
			isa = XCBuildConfiguration;
			buildSettings = {
				ALWAYS_EMBED_SWIFT_STANDARD_LIBRARIES = YES;
				CODE_SIGN_STYLE = Automatic;
				CURRENT_PROJECT_VERSION = 1;
				DEVELOPMENT_TEAM = 5B7QT3F769;
				GENERATE_INFOPLIST_FILE = YES;
				MARKETING_VERSION = 1.0;
				PRODUCT_BUNDLE_IDENTIFIER = a.testgitUITests;
				PRODUCT_NAME = "$(TARGET_NAME)";
				SWIFT_EMIT_LOC_STRINGS = NO;
				SWIFT_VERSION = 5.0;
				TARGETED_DEVICE_FAMILY = "1,2";
				TEST_TARGET_NAME = testgit;
			};
			name = Release;
		};
/* End XCBuildConfiguration section */

/* Begin XCConfigurationList section */
		38162113291B93C600C66BF4 /* Build configuration list for PBXProject "testgit" */ = {
			isa = XCConfigurationList;
			buildConfigurations = (
				3816213A291B93C800C66BF4 /* Debug */,
				3816213B291B93C800C66BF4 /* Release */,
			);
			defaultConfigurationIsVisible = 0;
			defaultConfigurationName = Release;
		};
		3816213C291B93C800C66BF4 /* Build configuration list for PBXNativeTarget "testgit" */ = {
			isa = XCConfigurationList;
			buildConfigurations = (
				3816213D291B93C800C66BF4 /* Debug */,
				3816213E291B93C800C66BF4 /* Release */,
			);
			defaultConfigurationIsVisible = 0;
			defaultConfigurationName = Release;
		};
		3816213F291B93C800C66BF4 /* Build configuration list for PBXNativeTarget "testgitTests" */ = {
			isa = XCConfigurationList;
			buildConfigurations = (
				38162140291B93C800C66BF4 /* Debug */,
				38162141291B93C800C66BF4 /* Release */,
			);
			defaultConfigurationIsVisible = 0;
			defaultConfigurationName = Release;
		};
		38162142291B93C800C66BF4 /* Build configuration list for PBXNativeTarget "testgitUITests" */ = {
			isa = XCConfigurationList;
			buildConfigurations = (
				38162143291B93C800C66BF4 /* Debug */,
				38162144291B93C800C66BF4 /* Release */,
			);
			defaultConfigurationIsVisible = 0;
			defaultConfigurationName = Release;
		};
/* End XCConfigurationList section */
	};
	rootObject = 38162110291B93C600C66BF4 /* Project object */;
}
